
Microsoft Visual Studio Solution File, Format Version 12.00
# Visual Studio Version 17
VisualStudioVersion = 17.13.35931.197
MinimumVisualStudioVersion = 10.0.40219.1
Project("{FAE04EC0-301F-11D3-BF4B-00C04F79EFBC}") = "user", "user\user.csproj", "{109ACD62-3A10-4F7A-BAF7-5C1FE8E61032}"
EndProject
Project("{FAE04EC0-301F-11D3-BF4B-00C04F79EFBC}") = "calculater", "calculater\calculater.csproj", "{6A006E87-6FF7-409D-ABBC-F204914F54A4}"
EndProject
Global
	GlobalSection(SolutionConfigurationPlatforms) = preSolution
		Debug|Any CPU = Debug|Any CPU
		Release|Any CPU = Release|Any CPU
	EndGlobalSection
	GlobalSection(ProjectConfigurationPlatforms) = postSolution
		{109ACD62-3A10-4F7A-BAF7-5C1FE8E61032}.Debug|Any CPU.ActiveCfg = Debug|Any CPU
		{109ACD62-3A10-4F7A-BAF7-5C1FE8E61032}.Debug|Any CPU.Build.0 = Debug|Any CPU
		{109ACD62-3A10-4F7A-BAF7-5C1FE8E61032}.Release|Any CPU.ActiveCfg = Release|Any CPU
		{109ACD62-3A10-4F7A-BAF7-5C1FE8E61032}.Release|Any CPU.Build.0 = Release|Any CPU
		{6A006E87-6FF7-409D-ABBC-F204914F54A4}.Debug|Any CPU.ActiveCfg = Debug|Any CPU
		{6A006E87-6FF7-409D-ABBC-F204914F54A4}.Debug|Any CPU.Build.0 = Debug|Any CPU
		{6A006E87-6FF7-409D-ABBC-F204914F54A4}.Release|Any CPU.ActiveCfg = Release|Any CPU
		{6A006E87-6FF7-409D-ABBC-F204914F54A4}.Release|Any CPU.Build.0 = Release|Any CPU
	EndGlobalSection
	GlobalSection(SolutionProperties) = preSolution
		HideSolutionNode = FALSE
	EndGlobalSection
	GlobalSection(ExtensibilityGlobals) = postSolution
		SolutionGuid = {8DB754C4-A1FF-473E-8912-281697EECB0F}
	EndGlobalSection
EndGlobal
